
Microsoft Visual Studio Solution File, Format Version 12.00
# Visual Studio Version 17
VisualStudioVersion = 17.1.32228.430
MinimumVisualStudioVersion = 10.0.40219.1
Project("{FAE04EC0-301F-11D3-BF4B-00C04F79EFBC}") = "WebApplication1.WebApi", "WebApplication1\WebApplication1.WebApi.csproj", "{D2AC0750-39E9-404C-B1BA-3519E69FD641}"
EndProject
Project("{2150E333-8FDC-42A3-9474-1A3956D46DE8}") = "Solution Items", "Solution Items", "{5C2CC5FC-5732-4D64-8C04-00DD35690590}"
EndProject
Project("{FAE04EC0-301F-11D3-BF4B-00C04F79EFBC}") = "WebApplication.Service", "WebApplicationService\WebApplication.Service.csproj", "{48DF727A-FED3-4CAD-912F-1EBA11008BD6}"
EndProject
Project("{FAE04EC0-301F-11D3-BF4B-00C04F79EFBC}") = "WebApplication.Repository", "WebApplicationRepository\WebApplication.Repository.csproj", "{8CDA8668-F755-490A-AA38-810D5D08958F}"
EndProject
Project("{FAE04EC0-301F-11D3-BF4B-00C04F79EFBC}") = "WebApplication.DAL", "WebApplicationDAL\WebApplication.DAL.csproj", "{1A8FEB12-116E-4533-BCF5-9730D4ED7861}"
EndProject
Project("{FAE04EC0-301F-11D3-BF4B-00C04F79EFBC}") = "WebApplication.Model", "WebApplicationModel\WebApplication.Model.csproj", "{7F593F99-C233-44CC-98BA-981E5E02E461}"
EndProject
Project("{FAE04EC0-301F-11D3-BF4B-00C04F79EFBC}") = "WebApplication.Common", "WebApplication.Common\WebApplication.Common.csproj", "{72326BA9-00C6-41C2-95F1-D7706BC771EA}"
EndProject
Project("{FAE04EC0-301F-11D3-BF4B-00C04F79EFBC}") = "WebApplication.Model.Common", "ClassLibrary1\WebApplication.Model.Common.csproj", "{79B3F9EC-D0A1-45FA-BB8B-28169E68878F}"
EndProject
Project("{FAE04EC0-301F-11D3-BF4B-00C04F79EFBC}") = "WebApplication.Repository.Common", "WebApplication.Repository.Common\WebApplication.Repository.Common.csproj", "{B064922B-63A5-44EA-9378-806F5F44D20A}"
EndProject
Project("{FAE04EC0-301F-11D3-BF4B-00C04F79EFBC}") = "WebApplication.Service.Common", "WebApplication.Service.Common\WebApplication.Service.Common.csproj", "{4D5E2C5E-FC13-4EE9-A162-292DE2B541ED}"
EndProject
Global
	GlobalSection(SolutionConfigurationPlatforms) = preSolution
		Debug|Any CPU = Debug|Any CPU
		Release|Any CPU = Release|Any CPU
	EndGlobalSection
	GlobalSection(ProjectConfigurationPlatforms) = postSolution
		{D2AC0750-39E9-404C-B1BA-3519E69FD641}.Debug|Any CPU.ActiveCfg = Debug|Any CPU
		{D2AC0750-39E9-404C-B1BA-3519E69FD641}.Debug|Any CPU.Build.0 = Debug|Any CPU
		{D2AC0750-39E9-404C-B1BA-3519E69FD641}.Release|Any CPU.ActiveCfg = Release|Any CPU
		{D2AC0750-39E9-404C-B1BA-3519E69FD641}.Release|Any CPU.Build.0 = Release|Any CPU
		{48DF727A-FED3-4CAD-912F-1EBA11008BD6}.Debug|Any CPU.ActiveCfg = Debug|Any CPU
		{48DF727A-FED3-4CAD-912F-1EBA11008BD6}.Debug|Any CPU.Build.0 = Debug|Any CPU
		{48DF727A-FED3-4CAD-912F-1EBA11008BD6}.Release|Any CPU.ActiveCfg = Release|Any CPU
		{48DF727A-FED3-4CAD-912F-1EBA11008BD6}.Release|Any CPU.Build.0 = Release|Any CPU
		{8CDA8668-F755-490A-AA38-810D5D08958F}.Debug|Any CPU.ActiveCfg = Debug|Any CPU
		{8CDA8668-F755-490A-AA38-810D5D08958F}.Debug|Any CPU.Build.0 = Debug|Any CPU
		{8CDA8668-F755-490A-AA38-810D5D08958F}.Release|Any CPU.ActiveCfg = Release|Any CPU
		{8CDA8668-F755-490A-AA38-810D5D08958F}.Release|Any CPU.Build.0 = Release|Any CPU
		{1A8FEB12-116E-4533-BCF5-9730D4ED7861}.Debug|Any CPU.ActiveCfg = Debug|Any CPU
		{1A8FEB12-116E-4533-BCF5-9730D4ED7861}.Debug|Any CPU.Build.0 = Debug|Any CPU
		{1A8FEB12-116E-4533-BCF5-9730D4ED7861}.Release|Any CPU.ActiveCfg = Release|Any CPU
		{1A8FEB12-116E-4533-BCF5-9730D4ED7861}.Release|Any CPU.Build.0 = Release|Any CPU
		{7F593F99-C233-44CC-98BA-981E5E02E461}.Debug|Any CPU.ActiveCfg = Debug|Any CPU
		{7F593F99-C233-44CC-98BA-981E5E02E461}.Debug|Any CPU.Build.0 = Debug|Any CPU
		{7F593F99-C233-44CC-98BA-981E5E02E461}.Release|Any CPU.ActiveCfg = Release|Any CPU
		{7F593F99-C233-44CC-98BA-981E5E02E461}.Release|Any CPU.Build.0 = Release|Any CPU
		{72326BA9-00C6-41C2-95F1-D7706BC771EA}.Debug|Any CPU.ActiveCfg = Debug|Any CPU
		{72326BA9-00C6-41C2-95F1-D7706BC771EA}.Debug|Any CPU.Build.0 = Debug|Any CPU
		{72326BA9-00C6-41C2-95F1-D7706BC771EA}.Release|Any CPU.ActiveCfg = Release|Any CPU
		{72326BA9-00C6-41C2-95F1-D7706BC771EA}.Release|Any CPU.Build.0 = Release|Any CPU
		{79B3F9EC-D0A1-45FA-BB8B-28169E68878F}.Debug|Any CPU.ActiveCfg = Debug|Any CPU
		{79B3F9EC-D0A1-45FA-BB8B-28169E68878F}.Debug|Any CPU.Build.0 = Debug|Any CPU
		{79B3F9EC-D0A1-45FA-BB8B-28169E68878F}.Release|Any CPU.ActiveCfg = Release|Any CPU
		{79B3F9EC-D0A1-45FA-BB8B-28169E68878F}.Release|Any CPU.Build.0 = Release|Any CPU
		{B064922B-63A5-44EA-9378-806F5F44D20A}.Debug|Any CPU.ActiveCfg = Debug|Any CPU
		{B064922B-63A5-44EA-9378-806F5F44D20A}.Debug|Any CPU.Build.0 = Debug|Any CPU
		{B064922B-63A5-44EA-9378-806F5F44D20A}.Release|Any CPU.ActiveCfg = Release|Any CPU
		{B064922B-63A5-44EA-9378-806F5F44D20A}.Release|Any CPU.Build.0 = Release|Any CPU
		{4D5E2C5E-FC13-4EE9-A162-292DE2B541ED}.Debug|Any CPU.ActiveCfg = Debug|Any CPU
		{4D5E2C5E-FC13-4EE9-A162-292DE2B541ED}.Debug|Any CPU.Build.0 = Debug|Any CPU
		{4D5E2C5E-FC13-4EE9-A162-292DE2B541ED}.Release|Any CPU.ActiveCfg = Release|Any CPU
		{4D5E2C5E-FC13-4EE9-A162-292DE2B541ED}.Release|Any CPU.Build.0 = Release|Any CPU
	EndGlobalSection
	GlobalSection(SolutionProperties) = preSolution
		HideSolutionNode = FALSE
	EndGlobalSection
	GlobalSection(ExtensibilityGlobals) = postSolution
		SolutionGuid = {439B536C-81AE-4388-A61B-4F2AD25E82B2}
	EndGlobalSection
EndGlobal
